{
  "name": "fdb",
  "version": "1.0.0",
  "lockfileVersion": 2,
  "requires": true,
  "packages": {
    "": {
      "name": "fdb",
      "version": "1.0.0",
      "license": "SEE LICENSE IN LICENSE.md",
      "dependencies": {
        "@madmax/fontawesome-pro-duotone-svg-icons": "^5.15.3",
        "@madmax/fontawesome-pro-light-svg-icons": "^5.15.3",
        "@madmax/fontawesome-pro-regular-svg-icons": "^5.15.3",
        "@madmax/fontawesome-pro-solid-svg-icons": "^5.15.3"
      },
      "devDependencies": {}
    },
    "node_modules/@fortawesome/fontawesome-common-types": {
      "version": "0.2.36",
      "resolved": "https://registry.npmjs.org/@fortawesome/fontawesome-common-types/-/fontawesome-common-types-0.2.36.tgz",
      "integrity": "sha512-a/7BiSgobHAgBWeN7N0w+lAhInrGxksn13uK7231n2m8EDPE3BMCl9NZLTGrj9ZXfCmC6LM0QLqXidIizVQ6yg==",
      "hasInstallScript": true,
      "engines": {
        "node": ">=6"
      }
    },
    "node_modules/@madmax/fontawesome-pro-duotone-svg-icons": {
      "version": "5.15.3",
      "resolved": "https://npm.pkg.github.com/download/@madmax/fontawesome-pro-duotone-svg-icons/5.15.3/77769150a5b7b36c2f846bd9954bf2370aecd95f77d55998d7b5ba600906ac80",
      "integrity": "sha512-is6dzStJfYiBqDp73w72vGGhhqVroP/Y/JxTPau0D+7uFUP9gYFQ324t3RLmWaDNDW5JxcZ4tU4w+WqN2up07g==",
      "hasInstallScript": true,
      "license": "UNLICENSED",
      "dependencies": {
        "@fortawesome/fontawesome-common-types": "^0.2.35"
      },
      "engines": {
        "node": ">=6"
      }
    },
    "node_modules/@madmax/fontawesome-pro-light-svg-icons": {
      "version": "5.15.3",
      "resolved": "https://npm.pkg.github.com/download/@madmax/fontawesome-pro-light-svg-icons/5.15.3/861c881018ecf670201c896ca3528ceb10d1813f407c26d67bd1583670489c0a",
      "integrity": "sha512-NSREjlfa7F/5XkTJZMeUzBjvuCvMn4xFNZ8fyJZ4BHcn3Tlcobxvl5wH8EdSFFgzVy1w/dvd/cJxnO6D1zFIdg==",
      "hasInstallScript": true,
      "license": "UNLICENSED",
      "dependencies": {
        "@fortawesome/fontawesome-common-types": "^0.2.35"
      },
      "engines": {
        "node": ">=6"
      }
    },
    "node_modules/@madmax/fontawesome-pro-regular-svg-icons": {
      "version": "5.15.3",
      "resolved": "https://npm.pkg.github.com/download/@madmax/fontawesome-pro-regular-svg-icons/5.15.3/9a3dad4bef5ed756a06ef02a943316fb4f7f7dbf1ab247ca04d57fe5c8856b5d",
      "integrity": "sha512-IewPSMqw7XJ+nD0T7osXaigm+6iMZeW/viRRo69T5QwxA3LEqTD0FMRQrpS4sYIphg/Xa63uj/kvuGF0YAI39A==",
      "hasInstallScript": true,
      "license": "UNLICENSED",
      "dependencies": {
        "@fortawesome/fontawesome-common-types": "^0.2.35"
      },
      "engines": {
        "node": ">=6"
      }
    },
    "node_modules/@madmax/fontawesome-pro-solid-svg-icons": {
      "version": "5.15.3",
      "resolved": "https://npm.pkg.github.com/download/@madmax/fontawesome-pro-solid-svg-icons/5.15.3/af4d0c03f653e592792b1490ca66e9b7a5356a6946c29cd11a9c2d94d4fe1b71",
      "integrity": "sha512-lIJhOi6iNVuQ8QhD2+PAV2ceQVKlt7FvRnJTgUcTw1+u3UjZTMXh5viy29M85tWKn7mu/P68dUALuVwcyoemlw==",
      "hasInstallScript": true,
      "license": "UNLICENSED",
      "dependencies": {
        "@fortawesome/fontawesome-common-types": "^0.2.35"
      },
      "engines": {
        "node": ">=6"
      }
    }
  },
  "dependencies": {
    "@fortawesome/fontawesome-common-types": {
      "version": "0.2.36",
      "resolved": "https://registry.npmjs.org/@fortawesome/fontawesome-common-types/-/fontawesome-common-types-0.2.36.tgz",
      "integrity": "sha512-a/7BiSgobHAgBWeN7N0w+lAhInrGxksn13uK7231n2m8EDPE3BMCl9NZLTGrj9ZXfCmC6LM0QLqXidIizVQ6yg=="
    },
    "@madmax/fontawesome-pro-duotone-svg-icons": {
      "version": "5.15.3",
      "resolved": "https://npm.pkg.github.com/download/@madmax/fontawesome-pro-duotone-svg-icons/5.15.3/77769150a5b7b36c2f846bd9954bf2370aecd95f77d55998d7b5ba600906ac80",
      "integrity": "sha512-is6dzStJfYiBqDp73w72vGGhhqVroP/Y/JxTPau0D+7uFUP9gYFQ324t3RLmWaDNDW5JxcZ4tU4w+WqN2up07g==",
      "requires": {
        "@fortawesome/fontawesome-common-types": "^0.2.35"
      }
    },
    "@madmax/fontawesome-pro-light-svg-icons": {
      "version": "5.15.3",
      "resolved": "https://npm.pkg.github.com/download/@madmax/fontawesome-pro-light-svg-icons/5.15.3/861c881018ecf670201c896ca3528ceb10d1813f407c26d67bd1583670489c0a",
      "integrity": "sha512-NSREjlfa7F/5XkTJZMeUzBjvuCvMn4xFNZ8fyJZ4BHcn3Tlcobxvl5wH8EdSFFgzVy1w/dvd/cJxnO6D1zFIdg==",
      "requires": {
        "@fortawesome/fontawesome-common-types": "^0.2.35"
      }
    },
    "@madmax/fontawesome-pro-regular-svg-icons": {
      "version": "5.15.3",
      "resolved": "https://npm.pkg.github.com/download/@madmax/fontawesome-pro-regular-svg-icons/5.15.3/9a3dad4bef5ed756a06ef02a943316fb4f7f7dbf1ab247ca04d57fe5c8856b5d",
      "integrity": "sha512-IewPSMqw7XJ+nD0T7osXaigm+6iMZeW/viRRo69T5QwxA3LEqTD0FMRQrpS4sYIphg/Xa63uj/kvuGF0YAI39A==",
      "requires": {
        "@fortawesome/fontawesome-common-types": "^0.2.35"
      }
    },
    "@madmax/fontawesome-pro-solid-svg-icons": {
      "version": "5.15.3",
      "resolved": "https://npm.pkg.github.com/download/@madmax/fontawesome-pro-solid-svg-icons/5.15.3/af4d0c03f653e592792b1490ca66e9b7a5356a6946c29cd11a9c2d94d4fe1b71",
      "integrity": "sha512-lIJhOi6iNVuQ8QhD2+PAV2ceQVKlt7FvRnJTgUcTw1+u3UjZTMXh5viy29M85tWKn7mu/P68dUALuVwcyoemlw==",
      "requires": {
        "@fortawesome/fontawesome-common-types": "^0.2.35"
      }
    }
  }
}
